// !$*UTF8*$!
{
	archiveVersion = 1;
	classes = {
	};
	objectVersion = 46;
	objects = {

/* Begin PBXBuildFile section */
		0F78081A1A3F501B00883622 /* CustomSegueSinglePlayer.m in Sources */ = {isa = PBXBuildFile; fileRef = 0F7808191A3F501B00883622 /* CustomSegueSinglePlayer.m */; };
		0FA8DFB41A362C2E005B994C /* JIMCBombaMaisPowerUp.m in Sources */ = {isa = PBXBuildFile; fileRef = 0FA8DFAF1A362C2E005B994C /* JIMCBombaMaisPowerUp.m */; };
		0FA8DFB51A362C2E005B994C /* JIMCPowerUp.m in Sources */ = {isa = PBXBuildFile; fileRef = 0FA8DFB11A362C2E005B994C /* JIMCPowerUp.m */; };
		0FA8DFB61A362C2E005B994C /* SettingsSingleton.m in Sources */ = {isa = PBXBuildFile; fileRef = 0FA8DFB31A362C2E005B994C /* SettingsSingleton.m */; };
		0FF5BF5E1A3A13670090873A /* CustomSegueWorldMap.m in Sources */ = {isa = PBXBuildFile; fileRef = 0FF5BF5D1A3A13670090873A /* CustomSegueWorldMap.m */; };
		4361288A1A40612100A2B620 /* fase_aberta@2x.png in Resources */ = {isa = PBXBuildFile; fileRef = 436128881A40612100A2B620 /* fase_aberta@2x.png */; };
		4361288B1A40612100A2B620 /* mapa@2x.png in Resources */ = {isa = PBXBuildFile; fileRef = 436128891A40612100A2B620 /* mapa@2x.png */; };
		436CBD0A1A2F737500862EDE /* WorldMap.m in Sources */ = {isa = PBXBuildFile; fileRef = 436CBD091A2F737500862EDE /* WorldMap.m */; };
		436CBD0C1A2F739400862EDE /* MapButtons.plist in Resources */ = {isa = PBXBuildFile; fileRef = 436CBD0B1A2F739400862EDE /* MapButtons.plist */; };
		43F4362F1A28A00300F1C358 /* MainMenuViewController.m in Sources */ = {isa = PBXBuildFile; fileRef = 43F4362E1A28A00300F1C358 /* MainMenuViewController.m */; };
		DEA2D2B31A39BBEE0038B65A /* Life.m in Sources */ = {isa = PBXBuildFile; fileRef = DEA2D2A91A39BBEE0038B65A /* Life.m */; };
		DEA2D2B41A39BBEE0038B65A /* RNCryptor.m in Sources */ = {isa = PBXBuildFile; fileRef = DEA2D2AB1A39BBEE0038B65A /* RNCryptor.m */; };
		DEA2D2B51A39BBEE0038B65A /* RNCryptorEngine.m in Sources */ = {isa = PBXBuildFile; fileRef = DEA2D2AE1A39BBEE0038B65A /* RNCryptorEngine.m */; };
		DEA2D2B61A39BBEE0038B65A /* RNDecryptor.m in Sources */ = {isa = PBXBuildFile; fileRef = DEA2D2B01A39BBEE0038B65A /* RNDecryptor.m */; };
		DEA2D2B71A39BBEE0038B65A /* RNEncryptor.m in Sources */ = {isa = PBXBuildFile; fileRef = DEA2D2B21A39BBEE0038B65A /* RNEncryptor.m */; };
		DEC905A81A239C6D003DD444 /* main.m in Sources */ = {isa = PBXBuildFile; fileRef = DEC905A71A239C6D003DD444 /* main.m */; };
		DEC905AB1A239C6D003DD444 /* AppDelegate.m in Sources */ = {isa = PBXBuildFile; fileRef = DEC905AA1A239C6D003DD444 /* AppDelegate.m */; };
		DEC905B31A239C6D003DD444 /* GameViewController.m in Sources */ = {isa = PBXBuildFile; fileRef = DEC905B21A239C6D003DD444 /* GameViewController.m */; };
		DEC905B61A239C6D003DD444 /* Main.storyboard in Resources */ = {isa = PBXBuildFile; fileRef = DEC905B41A239C6D003DD444 /* Main.storyboard */; };
		DEC905B81A239C6D003DD444 /* Images.xcassets in Resources */ = {isa = PBXBuildFile; fileRef = DEC905B71A239C6D003DD444 /* Images.xcassets */; };
		DEC905BB1A239C6D003DD444 /* LaunchScreen.xib in Resources */ = {isa = PBXBuildFile; fileRef = DEC905B91A239C6D003DD444 /* LaunchScreen.xib */; };
		DEC905C71A239C6D003DD444 /* Fruit_CatchTests.m in Sources */ = {isa = PBXBuildFile; fileRef = DEC905C61A239C6D003DD444 /* Fruit_CatchTests.m */; };
		DEF7B4B31A2FC7D400D7F7B3 /* questionMark.png in Resources */ = {isa = PBXBuildFile; fileRef = DEF7B4B21A2FC7D400D7F7B3 /* questionMark.png */; };
		DEF7B4BD1A30800B00D7F7B3 /* JIMCSwapFruitSingleton.m in Sources */ = {isa = PBXBuildFile; fileRef = DEF7B4BC1A30800B00D7F7B3 /* JIMCSwapFruitSingleton.m */; };
		E30CD4D81A2CC817009BBC92 /* banana@2x.png in Resources */ = {isa = PBXBuildFile; fileRef = E30CD4D71A2CC817009BBC92 /* banana@2x.png */; };
		E33DD8CB1A3A20E1001C2897 /* selva@2x.png in Resources */ = {isa = PBXBuildFile; fileRef = E33DD8CA1A3A20E1001C2897 /* selva@2x.png */; };
		E33DD8CD1A3B13BF001C2897 /* coracao.png in Resources */ = {isa = PBXBuildFile; fileRef = E33DD8CC1A3B13BF001C2897 /* coracao.png */; };
		E33DD8CF1A3B56EC001C2897 /* fundo@2X.png in Resources */ = {isa = PBXBuildFile; fileRef = E33DD8CE1A3B56EC001C2897 /* fundo@2X.png */; };
		E33DD8D11A3B5C85001C2897 /* fundoprincipal@2x.png in Resources */ = {isa = PBXBuildFile; fileRef = E33DD8D01A3B5C85001C2897 /* fundoprincipal@2x.png */; };
		E33DD8D31A3B5E8A001C2897 /* fundo1@2x.png in Resources */ = {isa = PBXBuildFile; fileRef = E33DD8D21A3B5E8A001C2897 /* fundo1@2x.png */; };
		E33DD8D51A3B5EBF001C2897 /* nome@2x.png in Resources */ = {isa = PBXBuildFile; fileRef = E33DD8D41A3B5EBF001C2897 /* nome@2x.png */; };
		E3E3EC961A23ACF400E7E18E /* MyScene.m in Sources */ = {isa = PBXBuildFile; fileRef = E3E3EC951A23ACF400E7E18E /* MyScene.m */; };
		E3E3EC9A1A23AD6400E7E18E /* JIMCFruit.m in Sources */ = {isa = PBXBuildFile; fileRef = E3E3EC991A23AD6400E7E18E /* JIMCFruit.m */; };
		E3E3EC9D1A23ADA200E7E18E /* JIMCLevel.m in Sources */ = {isa = PBXBuildFile; fileRef = E3E3EC9C1A23ADA200E7E18E /* JIMCLevel.m */; };
		E3E3ECA01A23ADDA00E7E18E /* JIMCTile.m in Sources */ = {isa = PBXBuildFile; fileRef = E3E3EC9F1A23ADDA00E7E18E /* JIMCTile.m */; };
		E3E3ECA31A23AE0600E7E18E /* JIMCSwap.m in Sources */ = {isa = PBXBuildFile; fileRef = E3E3ECA21A23AE0600E7E18E /* JIMCSwap.m */; };
		E3E3ECA61A23AE8700E7E18E /* JIMCChain.m in Sources */ = {isa = PBXBuildFile; fileRef = E3E3ECA51A23AE8700E7E18E /* JIMCChain.m */; };
		E3E3ECAC1A23B1A900E7E18E /* Sprites.atlas in Resources */ = {isa = PBXBuildFile; fileRef = E3E3ECAA1A23B1A900E7E18E /* Sprites.atlas */; };
		E3E3ECAD1A23B1A900E7E18E /* Grid.atlas in Resources */ = {isa = PBXBuildFile; fileRef = E3E3ECAB1A23B1A900E7E18E /* Grid.atlas */; };
		E3E3ECB51A23B31900E7E18E /* Chomp.wav in Resources */ = {isa = PBXBuildFile; fileRef = E3E3ECAF1A23B31900E7E18E /* Chomp.wav */; };
		E3E3ECB61A23B31900E7E18E /* Drip.wav in Resources */ = {isa = PBXBuildFile; fileRef = E3E3ECB01A23B31900E7E18E /* Drip.wav */; };
		E3E3ECB71A23B31900E7E18E /* Error.wav in Resources */ = {isa = PBXBuildFile; fileRef = E3E3ECB11A23B31900E7E18E /* Error.wav */; };
		E3E3ECB81A23B31900E7E18E /* Ka-Ching.wav in Resources */ = {isa = PBXBuildFile; fileRef = E3E3ECB21A23B31900E7E18E /* Ka-Ching.wav */; };
		E3E3ECB91A23B31900E7E18E /* Mining by Moonlight.mp3 in Resources */ = {isa = PBXBuildFile; fileRef = E3E3ECB31A23B31900E7E18E /* Mining by Moonlight.mp3 */; };
		E3E3ECBA1A23B31900E7E18E /* Scrape.wav in Resources */ = {isa = PBXBuildFile; fileRef = E3E3ECB41A23B31900E7E18E /* Scrape.wav */; };
		E3E3ECC11A23B34500E7E18E /* Level_0.json in Resources */ = {isa = PBXBuildFile; fileRef = E3E3ECBC1A23B34500E7E18E /* Level_0.json */; };
		E3E3ECC21A23B34500E7E18E /* Level_1.json in Resources */ = {isa = PBXBuildFile; fileRef = E3E3ECBD1A23B34500E7E18E /* Level_1.json */; };
		E3E3ECC31A23B34500E7E18E /* Level_2.json in Resources */ = {isa = PBXBuildFile; fileRef = E3E3ECBE1A23B34500E7E18E /* Level_2.json */; };
		E3E3ECC41A23B34500E7E18E /* Level_3.json in Resources */ = {isa = PBXBuildFile; fileRef = E3E3ECBF1A23B34500E7E18E /* Level_3.json */; };
		E3E3ECC51A23B34500E7E18E /* Level_4.json in Resources */ = {isa = PBXBuildFile; fileRef = E3E3ECC01A23B34500E7E18E /* Level_4.json */; };
/* End PBXBuildFile section */

/* Begin PBXContainerItemProxy section */
		DEC905C11A239C6D003DD444 /* PBXContainerItemProxy */ = {
			isa = PBXContainerItemProxy;
			containerPortal = DEC9059A1A239C6D003DD444 /* Project object */;
			proxyType = 1;
			remoteGlobalIDString = DEC905A11A239C6D003DD444;
			remoteInfo = "Fruit Catch";
		};
/* End PBXContainerItemProxy section */

/* Begin PBXFileReference section */
		0F7808181A3F501B00883622 /* CustomSegueSinglePlayer.h */ = {isa = PBXFileReference; fileEncoding = 4; lastKnownFileType = sourcecode.c.h; path = CustomSegueSinglePlayer.h; sourceTree = "<group>"; };
		0F7808191A3F501B00883622 /* CustomSegueSinglePlayer.m */ = {isa = PBXFileReference; fileEncoding = 4; lastKnownFileType = sourcecode.c.objc; path = CustomSegueSinglePlayer.m; sourceTree = "<group>"; };
		0FA8DFAE1A362C2E005B994C /* JIMCBombaMaisPowerUp.h */ = {isa = PBXFileReference; fileEncoding = 4; lastKnownFileType = sourcecode.c.h; name = JIMCBombaMaisPowerUp.h; path = "Fruit Catch/JIMCBombaMaisPowerUp.h"; sourceTree = "<group>"; };
		0FA8DFAF1A362C2E005B994C /* JIMCBombaMaisPowerUp.m */ = {isa = PBXFileReference; fileEncoding = 4; lastKnownFileType = sourcecode.c.objc; name = JIMCBombaMaisPowerUp.m; path = "Fruit Catch/JIMCBombaMaisPowerUp.m"; sourceTree = "<group>"; };
		0FA8DFB01A362C2E005B994C /* JIMCPowerUp.h */ = {isa = PBXFileReference; fileEncoding = 4; lastKnownFileType = sourcecode.c.h; name = JIMCPowerUp.h; path = "Fruit Catch/JIMCPowerUp.h"; sourceTree = "<group>"; };
		0FA8DFB11A362C2E005B994C /* JIMCPowerUp.m */ = {isa = PBXFileReference; fileEncoding = 4; lastKnownFileType = sourcecode.c.objc; name = JIMCPowerUp.m; path = "Fruit Catch/JIMCPowerUp.m"; sourceTree = "<group>"; };
		0FA8DFB21A362C2E005B994C /* SettingsSingleton.h */ = {isa = PBXFileReference; fileEncoding = 4; lastKnownFileType = sourcecode.c.h; name = SettingsSingleton.h; path = "Fruit Catch/SettingsSingleton.h"; sourceTree = "<group>"; };
		0FA8DFB31A362C2E005B994C /* SettingsSingleton.m */ = {isa = PBXFileReference; fileEncoding = 4; lastKnownFileType = sourcecode.c.objc; name = SettingsSingleton.m; path = "Fruit Catch/SettingsSingleton.m"; sourceTree = "<group>"; };
		0FF5BF5C1A3A13670090873A /* CustomSegueWorldMap.h */ = {isa = PBXFileReference; fileEncoding = 4; lastKnownFileType = sourcecode.c.h; path = CustomSegueWorldMap.h; sourceTree = "<group>"; };
		0FF5BF5D1A3A13670090873A /* CustomSegueWorldMap.m */ = {isa = PBXFileReference; fileEncoding = 4; lastKnownFileType = sourcecode.c.objc; path = CustomSegueWorldMap.m; sourceTree = "<group>"; };
		436128881A40612100A2B620 /* fase_aberta@2x.png */ = {isa = PBXFileReference; lastKnownFileType = image.png; path = "fase_aberta@2x.png"; sourceTree = "<group>"; };
		436128891A40612100A2B620 /* mapa@2x.png */ = {isa = PBXFileReference; lastKnownFileType = image.png; path = "mapa@2x.png"; sourceTree = "<group>"; };
		436CBD081A2F737500862EDE /* WorldMap.h */ = {isa = PBXFileReference; fileEncoding = 4; lastKnownFileType = sourcecode.c.h; path = WorldMap.h; sourceTree = "<group>"; };
		436CBD091A2F737500862EDE /* WorldMap.m */ = {isa = PBXFileReference; fileEncoding = 4; lastKnownFileType = sourcecode.c.objc; path = WorldMap.m; sourceTree = "<group>"; };
		436CBD0B1A2F739400862EDE /* MapButtons.plist */ = {isa = PBXFileReference; fileEncoding = 4; lastKnownFileType = text.plist.xml; path = MapButtons.plist; sourceTree = "<group>"; };
		43F4362D1A28A00300F1C358 /* MainMenuViewController.h */ = {isa = PBXFileReference; fileEncoding = 4; lastKnownFileType = sourcecode.c.h; path = MainMenuViewController.h; sourceTree = "<group>"; };
		43F4362E1A28A00300F1C358 /* MainMenuViewController.m */ = {isa = PBXFileReference; fileEncoding = 4; lastKnownFileType = sourcecode.c.objc; path = MainMenuViewController.m; sourceTree = "<group>"; };
		DEA2D2A81A39BBEE0038B65A /* Life.h */ = {isa = PBXFileReference; fileEncoding = 4; lastKnownFileType = sourcecode.c.h; path = Life.h; sourceTree = "<group>"; };
		DEA2D2A91A39BBEE0038B65A /* Life.m */ = {isa = PBXFileReference; fileEncoding = 4; lastKnownFileType = sourcecode.c.objc; path = Life.m; sourceTree = "<group>"; };
		DEA2D2AA1A39BBEE0038B65A /* RNCryptor.h */ = {isa = PBXFileReference; fileEncoding = 4; lastKnownFileType = sourcecode.c.h; name = RNCryptor.h; path = "Fruit Catch/RNCryptor.h"; sourceTree = "<group>"; };
		DEA2D2AB1A39BBEE0038B65A /* RNCryptor.m */ = {isa = PBXFileReference; fileEncoding = 4; lastKnownFileType = sourcecode.c.objc; name = RNCryptor.m; path = "Fruit Catch/RNCryptor.m"; sourceTree = "<group>"; };
		DEA2D2AC1A39BBEE0038B65A /* RNCryptor+Private.h */ = {isa = PBXFileReference; fileEncoding = 4; lastKnownFileType = sourcecode.c.h; name = "RNCryptor+Private.h"; path = "Fruit Catch/RNCryptor+Private.h"; sourceTree = "<group>"; };
		DEA2D2AD1A39BBEE0038B65A /* RNCryptorEngine.h */ = {isa = PBXFileReference; fileEncoding = 4; lastKnownFileType = sourcecode.c.h; name = RNCryptorEngine.h; path = "Fruit Catch/RNCryptorEngine.h"; sourceTree = "<group>"; };
		DEA2D2AE1A39BBEE0038B65A /* RNCryptorEngine.m */ = {isa = PBXFileReference; fileEncoding = 4; lastKnownFileType = sourcecode.c.objc; name = RNCryptorEngine.m; path = "Fruit Catch/RNCryptorEngine.m"; sourceTree = "<group>"; };
		DEA2D2AF1A39BBEE0038B65A /* RNDecryptor.h */ = {isa = PBXFileReference; fileEncoding = 4; lastKnownFileType = sourcecode.c.h; name = RNDecryptor.h; path = "Fruit Catch/RNDecryptor.h"; sourceTree = "<group>"; };
		DEA2D2B01A39BBEE0038B65A /* RNDecryptor.m */ = {isa = PBXFileReference; fileEncoding = 4; lastKnownFileType = sourcecode.c.objc; name = RNDecryptor.m; path = "Fruit Catch/RNDecryptor.m"; sourceTree = "<group>"; };
		DEA2D2B11A39BBEE0038B65A /* RNEncryptor.h */ = {isa = PBXFileReference; fileEncoding = 4; lastKnownFileType = sourcecode.c.h; name = RNEncryptor.h; path = "Fruit Catch/RNEncryptor.h"; sourceTree = "<group>"; };
		DEA2D2B21A39BBEE0038B65A /* RNEncryptor.m */ = {isa = PBXFileReference; fileEncoding = 4; lastKnownFileType = sourcecode.c.objc; name = RNEncryptor.m; path = "Fruit Catch/RNEncryptor.m"; sourceTree = "<group>"; };
		DEC905A21A239C6D003DD444 /* Fruit Catch.app */ = {isa = PBXFileReference; explicitFileType = wrapper.application; includeInIndex = 0; path = "Fruit Catch.app"; sourceTree = BUILT_PRODUCTS_DIR; };
		DEC905A61A239C6D003DD444 /* Info.plist */ = {isa = PBXFileReference; lastKnownFileType = text.plist.xml; path = Info.plist; sourceTree = "<group>"; };
		DEC905A71A239C6D003DD444 /* main.m */ = {isa = PBXFileReference; lastKnownFileType = sourcecode.c.objc; path = main.m; sourceTree = "<group>"; };
		DEC905A91A239C6D003DD444 /* AppDelegate.h */ = {isa = PBXFileReference; lastKnownFileType = sourcecode.c.h; path = AppDelegate.h; sourceTree = "<group>"; };
		DEC905AA1A239C6D003DD444 /* AppDelegate.m */ = {isa = PBXFileReference; lastKnownFileType = sourcecode.c.objc; path = AppDelegate.m; sourceTree = "<group>"; };
		DEC905B11A239C6D003DD444 /* GameViewController.h */ = {isa = PBXFileReference; lastKnownFileType = sourcecode.c.h; path = GameViewController.h; sourceTree = "<group>"; };
		DEC905B21A239C6D003DD444 /* GameViewController.m */ = {isa = PBXFileReference; lastKnownFileType = sourcecode.c.objc; path = GameViewController.m; sourceTree = "<group>"; };
		DEC905B51A239C6D003DD444 /* Base */ = {isa = PBXFileReference; lastKnownFileType = file.storyboard; name = Base; path = Base.lproj/Main.storyboard; sourceTree = "<group>"; };
		DEC905B71A239C6D003DD444 /* Images.xcassets */ = {isa = PBXFileReference; lastKnownFileType = folder.assetcatalog; path = Images.xcassets; sourceTree = "<group>"; };
		DEC905BA1A239C6D003DD444 /* Base */ = {isa = PBXFileReference; lastKnownFileType = file.xib; name = Base; path = Base.lproj/LaunchScreen.xib; sourceTree = "<group>"; };
		DEC905C01A239C6D003DD444 /* Fruit CatchTests.xctest */ = {isa = PBXFileReference; explicitFileType = wrapper.cfbundle; includeInIndex = 0; path = "Fruit CatchTests.xctest"; sourceTree = BUILT_PRODUCTS_DIR; };
		DEC905C51A239C6D003DD444 /* Info.plist */ = {isa = PBXFileReference; lastKnownFileType = text.plist.xml; path = Info.plist; sourceTree = "<group>"; };
		DEC905C61A239C6D003DD444 /* Fruit_CatchTests.m */ = {isa = PBXFileReference; lastKnownFileType = sourcecode.c.objc; path = Fruit_CatchTests.m; sourceTree = "<group>"; };
		DEF7B4B21A2FC7D400D7F7B3 /* questionMark.png */ = {isa = PBXFileReference; lastKnownFileType = image.png; path = questionMark.png; sourceTree = "<group>"; };
		DEF7B4BB1A30800B00D7F7B3 /* JIMCSwapFruitSingleton.h */ = {isa = PBXFileReference; fileEncoding = 4; lastKnownFileType = sourcecode.c.h; path = JIMCSwapFruitSingleton.h; sourceTree = "<group>"; };
		DEF7B4BC1A30800B00D7F7B3 /* JIMCSwapFruitSingleton.m */ = {isa = PBXFileReference; fileEncoding = 4; lastKnownFileType = sourcecode.c.objc; path = JIMCSwapFruitSingleton.m; sourceTree = "<group>"; };
		E30CD4D71A2CC817009BBC92 /* banana@2x.png */ = {isa = PBXFileReference; lastKnownFileType = image.png; name = "banana@2x.png"; path = "Sprites.atlas/banana@2x.png"; sourceTree = "<group>"; };
		E33DD8CA1A3A20E1001C2897 /* selva@2x.png */ = {isa = PBXFileReference; lastKnownFileType = image.png; path = "selva@2x.png"; sourceTree = "<group>"; };
		E33DD8CC1A3B13BF001C2897 /* coracao.png */ = {isa = PBXFileReference; lastKnownFileType = image.png; path = coracao.png; sourceTree = "<group>"; };
		E33DD8CE1A3B56EC001C2897 /* fundo@2X.png */ = {isa = PBXFileReference; lastKnownFileType = image.png; path = "fundo@2X.png"; sourceTree = "<group>"; };
		E33DD8D01A3B5C85001C2897 /* fundoprincipal@2x.png */ = {isa = PBXFileReference; lastKnownFileType = image.png; path = "fundoprincipal@2x.png"; sourceTree = "<group>"; };
		E33DD8D21A3B5E8A001C2897 /* fundo1@2x.png */ = {isa = PBXFileReference; lastKnownFileType = image.png; path = "fundo1@2x.png"; sourceTree = "<group>"; };
		E33DD8D41A3B5EBF001C2897 /* nome@2x.png */ = {isa = PBXFileReference; lastKnownFileType = image.png; path = "nome@2x.png"; sourceTree = "<group>"; };
		E3E3EC941A23ACF400E7E18E /* MyScene.h */ = {isa = PBXFileReference; fileEncoding = 4; lastKnownFileType = sourcecode.c.h; path = MyScene.h; sourceTree = "<group>"; };
		E3E3EC951A23ACF400E7E18E /* MyScene.m */ = {isa = PBXFileReference; fileEncoding = 4; lastKnownFileType = sourcecode.c.objc; path = MyScene.m; sourceTree = "<group>"; };
		E3E3EC981A23AD6400E7E18E /* JIMCFruit.h */ = {isa = PBXFileReference; fileEncoding = 4; lastKnownFileType = sourcecode.c.h; path = JIMCFruit.h; sourceTree = "<group>"; };
		E3E3EC991A23AD6400E7E18E /* JIMCFruit.m */ = {isa = PBXFileReference; fileEncoding = 4; lastKnownFileType = sourcecode.c.objc; path = JIMCFruit.m; sourceTree = "<group>"; };
		E3E3EC9B1A23ADA200E7E18E /* JIMCLevel.h */ = {isa = PBXFileReference; fileEncoding = 4; lastKnownFileType = sourcecode.c.h; path = JIMCLevel.h; sourceTree = "<group>"; };
		E3E3EC9C1A23ADA200E7E18E /* JIMCLevel.m */ = {isa = PBXFileReference; fileEncoding = 4; lastKnownFileType = sourcecode.c.objc; path = JIMCLevel.m; sourceTree = "<group>"; };
		E3E3EC9E1A23ADDA00E7E18E /* JIMCTile.h */ = {isa = PBXFileReference; fileEncoding = 4; lastKnownFileType = sourcecode.c.h; path = JIMCTile.h; sourceTree = "<group>"; };
		E3E3EC9F1A23ADDA00E7E18E /* JIMCTile.m */ = {isa = PBXFileReference; fileEncoding = 4; lastKnownFileType = sourcecode.c.objc; path = JIMCTile.m; sourceTree = "<group>"; };
		E3E3ECA11A23AE0600E7E18E /* JIMCSwap.h */ = {isa = PBXFileReference; fileEncoding = 4; lastKnownFileType = sourcecode.c.h; path = JIMCSwap.h; sourceTree = "<group>"; };
		E3E3ECA21A23AE0600E7E18E /* JIMCSwap.m */ = {isa = PBXFileReference; fileEncoding = 4; lastKnownFileType = sourcecode.c.objc; path = JIMCSwap.m; sourceTree = "<group>"; };
		E3E3ECA41A23AE8700E7E18E /* JIMCChain.h */ = {isa = PBXFileReference; fileEncoding = 4; lastKnownFileType = sourcecode.c.h; path = JIMCChain.h; sourceTree = "<group>"; };
		E3E3ECA51A23AE8700E7E18E /* JIMCChain.m */ = {isa = PBXFileReference; fileEncoding = 4; lastKnownFileType = sourcecode.c.objc; path = JIMCChain.m; sourceTree = "<group>"; };
		E3E3ECAA1A23B1A900E7E18E /* Sprites.atlas */ = {isa = PBXFileReference; lastKnownFileType = folder.skatlas; path = Sprites.atlas; sourceTree = "<group>"; };
		E3E3ECAB1A23B1A900E7E18E /* Grid.atlas */ = {isa = PBXFileReference; lastKnownFileType = folder.skatlas; path = Grid.atlas; sourceTree = "<group>"; };
		E3E3ECAF1A23B31900E7E18E /* Chomp.wav */ = {isa = PBXFileReference; lastKnownFileType = audio.wav; path = Chomp.wav; sourceTree = "<group>"; };
		E3E3ECB01A23B31900E7E18E /* Drip.wav */ = {isa = PBXFileReference; lastKnownFileType = audio.wav; path = Drip.wav; sourceTree = "<group>"; };
		E3E3ECB11A23B31900E7E18E /* Error.wav */ = {isa = PBXFileReference; lastKnownFileType = audio.wav; path = Error.wav; sourceTree = "<group>"; };
		E3E3ECB21A23B31900E7E18E /* Ka-Ching.wav */ = {isa = PBXFileReference; lastKnownFileType = audio.wav; path = "Ka-Ching.wav"; sourceTree = "<group>"; };
		E3E3ECB31A23B31900E7E18E /* Mining by Moonlight.mp3 */ = {isa = PBXFileReference; lastKnownFileType = audio.mp3; path = "Mining by Moonlight.mp3"; sourceTree = "<group>"; };
		E3E3ECB41A23B31900E7E18E /* Scrape.wav */ = {isa = PBXFileReference; lastKnownFileType = audio.wav; path = Scrape.wav; sourceTree = "<group>"; };
		E3E3ECBC1A23B34500E7E18E /* Level_0.json */ = {isa = PBXFileReference; fileEncoding = 4; lastKnownFileType = text.json; path = Level_0.json; sourceTree = "<group>"; };
		E3E3ECBD1A23B34500E7E18E /* Level_1.json */ = {isa = PBXFileReference; fileEncoding = 4; lastKnownFileType = text.json; path = Level_1.json; sourceTree = "<group>"; };
		E3E3ECBE1A23B34500E7E18E /* Level_2.json */ = {isa = PBXFileReference; fileEncoding = 4; lastKnownFileType = text.json; path = Level_2.json; sourceTree = "<group>"; };
		E3E3ECBF1A23B34500E7E18E /* Level_3.json */ = {isa = PBXFileReference; fileEncoding = 4; lastKnownFileType = text.json; path = Level_3.json; sourceTree = "<group>"; };
		E3E3ECC01A23B34500E7E18E /* Level_4.json */ = {isa = PBXFileReference; fileEncoding = 4; lastKnownFileType = text.json; path = Level_4.json; sourceTree = "<group>"; };
/* End PBXFileReference section */

/* Begin PBXFrameworksBuildPhase section */
		DEC9059F1A239C6D003DD444 /* Frameworks */ = {
			isa = PBXFrameworksBuildPhase;
			buildActionMask = 2147483647;
			files = (
			);
			runOnlyForDeploymentPostprocessing = 0;
		};
		DEC905BD1A239C6D003DD444 /* Frameworks */ = {
			isa = PBXFrameworksBuildPhase;
			buildActionMask = 2147483647;
			files = (
			);
			runOnlyForDeploymentPostprocessing = 0;
		};
/* End PBXFrameworksBuildPhase section */

/* Begin PBXGroup section */
		0F7808161A3F4DAB00883622 /* WorldMap */ = {
			isa = PBXGroup;
			children = (
				0FF5BF5C1A3A13670090873A /* CustomSegueWorldMap.h */,
				0FF5BF5D1A3A13670090873A /* CustomSegueWorldMap.m */,
			);
			name = WorldMap;
			sourceTree = "<group>";
		};
		0F7808171A3F4DB500883622 /* SinglePlayer */ = {
			isa = PBXGroup;
			children = (
				0F7808181A3F501B00883622 /* CustomSegueSinglePlayer.h */,
				0F7808191A3F501B00883622 /* CustomSegueSinglePlayer.m */,
			);
			name = SinglePlayer;
			sourceTree = "<group>";
		};
		0FA8DFB71A362E36005B994C /* JIMCPowerUp */ = {
			isa = PBXGroup;
			children = (
				0FA8DFB01A362C2E005B994C /* JIMCPowerUp.h */,
				0FA8DFB11A362C2E005B994C /* JIMCPowerUp.m */,
			);
			name = JIMCPowerUp;
			path = ..;
			sourceTree = "<group>";
		};
		0FA8DFB91A362E67005B994C /* JIMCBombaMaisPowerUp */ = {
			isa = PBXGroup;
			children = (
				0FA8DFAE1A362C2E005B994C /* JIMCBombaMaisPowerUp.h */,
				0FA8DFAF1A362C2E005B994C /* JIMCBombaMaisPowerUp.m */,
			);
			name = JIMCBombaMaisPowerUp;
			path = ..;
			sourceTree = "<group>";
		};
		0FD2EDB51A23BA3A000EB99F /* AppDelegate */ = {
			isa = PBXGroup;
			children = (
				DEC905A91A239C6D003DD444 /* AppDelegate.h */,
				DEC905AA1A239C6D003DD444 /* AppDelegate.m */,
			);
			name = AppDelegate;
			sourceTree = "<group>";
		};
		0FD2EDB61A23BA43000EB99F /* GameScene */ = {
			isa = PBXGroup;
			children = (
			);
			name = GameScene;
			sourceTree = "<group>";
		};
		0FD2EDB71A23BA4D000EB99F /* GameViewController */ = {
			isa = PBXGroup;
			children = (
				E30CD4D71A2CC817009BBC92 /* banana@2x.png */,
				E33DD8CE1A3B56EC001C2897 /* fundo@2X.png */,
				E33DD8D01A3B5C85001C2897 /* fundoprincipal@2x.png */,
				E33DD8D21A3B5E8A001C2897 /* fundo1@2x.png */,
				E33DD8D41A3B5EBF001C2897 /* nome@2x.png */,
				DEC905B11A239C6D003DD444 /* GameViewController.h */,
				DEC905B21A239C6D003DD444 /* GameViewController.m */,
			);
			name = GameViewController;
			sourceTree = "<group>";
		};
		0FD2EDB81A23BA5A000EB99F /* MyScene */ = {
			isa = PBXGroup;
			children = (
				E3E3EC941A23ACF400E7E18E /* MyScene.h */,
				E3E3EC951A23ACF400E7E18E /* MyScene.m */,
			);
			name = MyScene;
			sourceTree = "<group>";
		};
		0FD2EDB91A23BA62000EB99F /* JIMCFruit */ = {
			isa = PBXGroup;
			children = (
				E3E3EC981A23AD6400E7E18E /* JIMCFruit.h */,
				E3E3EC991A23AD6400E7E18E /* JIMCFruit.m */,
			);
			name = JIMCFruit;
			sourceTree = "<group>";
		};
		0FD2EDBA1A23BA6D000EB99F /* JIMCLevel */ = {
			isa = PBXGroup;
			children = (
				E3E3EC9B1A23ADA200E7E18E /* JIMCLevel.h */,
				E3E3EC9C1A23ADA200E7E18E /* JIMCLevel.m */,
			);
			name = JIMCLevel;
			sourceTree = "<group>";
		};
		0FD2EDBB1A23BA89000EB99F /* JIMCTile */ = {
			isa = PBXGroup;
			children = (
				E3E3EC9E1A23ADDA00E7E18E /* JIMCTile.h */,
				E3E3EC9F1A23ADDA00E7E18E /* JIMCTile.m */,
			);
			name = JIMCTile;
			sourceTree = "<group>";
		};
		0FD2EDBC1A23BA90000EB99F /* JIMCSwap */ = {
			isa = PBXGroup;
			children = (
				E3E3ECA11A23AE0600E7E18E /* JIMCSwap.h */,
				E3E3ECA21A23AE0600E7E18E /* JIMCSwap.m */,
				DEF7B4BB1A30800B00D7F7B3 /* JIMCSwapFruitSingleton.h */,
				DEF7B4BC1A30800B00D7F7B3 /* JIMCSwapFruitSingleton.m */,
			);
			name = JIMCSwap;
			sourceTree = "<group>";
		};
		0FD2EDBD1A23BA97000EB99F /* JIMCChain */ = {
			isa = PBXGroup;
			children = (
				E3E3ECA41A23AE8700E7E18E /* JIMCChain.h */,
				E3E3ECA51A23AE8700E7E18E /* JIMCChain.m */,
			);
			name = JIMCChain;
			sourceTree = "<group>";
		};
		0FF5BF5B1A3A13490090873A /* Segue */ = {
			isa = PBXGroup;
			children = (
				0F7808171A3F4DB500883622 /* SinglePlayer */,
				0F7808161A3F4DAB00883622 /* WorldMap */,
			);
			name = Segue;
			sourceTree = "<group>";
		};
		436CBD071A2F732E00862EDE /* WorldMap */ = {
			isa = PBXGroup;
			children = (
				436128881A40612100A2B620 /* fase_aberta@2x.png */,
				436128891A40612100A2B620 /* mapa@2x.png */,
				436CBD081A2F737500862EDE /* WorldMap.h */,
				436CBD091A2F737500862EDE /* WorldMap.m */,
				436CBD0B1A2F739400862EDE /* MapButtons.plist */,
			);
			name = WorldMap;
			sourceTree = "<group>";
		};
		43F4362C1A289FE000F1C358 /* MainMenu */ = {
			isa = PBXGroup;
			children = (
				43F4362D1A28A00300F1C358 /* MainMenuViewController.h */,
				43F4362E1A28A00300F1C358 /* MainMenuViewController.m */,
			);
			name = MainMenu;
			sourceTree = "<group>";
		};
		DEA2D2B81A39C82E0038B65A /* Life */ = {
			isa = PBXGroup;
			children = (
				DEA2D2A81A39BBEE0038B65A /* Life.h */,
				DEA2D2A91A39BBEE0038B65A /* Life.m */,
			);
			name = Life;
			sourceTree = "<group>";
		};
		DEA2D2B91A39C83D0038B65A /* Util */ = {
			isa = PBXGroup;
			children = (
				E33DD8C91A3A20C9001C2897 /* imagens */,
				DEA2D2BA1A39C84D0038B65A /* RNCryptor */,
			);
			name = Util;
			sourceTree = "<group>";
		};
		DEA2D2BA1A39C84D0038B65A /* RNCryptor */ = {
			isa = PBXGroup;
			children = (
				DEA2D2AA1A39BBEE0038B65A /* RNCryptor.h */,
				DEA2D2AB1A39BBEE0038B65A /* RNCryptor.m */,
				DEA2D2AC1A39BBEE0038B65A /* RNCryptor+Private.h */,
				DEA2D2AD1A39BBEE0038B65A /* RNCryptorEngine.h */,
				DEA2D2AE1A39BBEE0038B65A /* RNCryptorEngine.m */,
				DEA2D2AF1A39BBEE0038B65A /* RNDecryptor.h */,
				DEA2D2B01A39BBEE0038B65A /* RNDecryptor.m */,
				DEA2D2B11A39BBEE0038B65A /* RNEncryptor.h */,
				DEA2D2B21A39BBEE0038B65A /* RNEncryptor.m */,
			);
			name = RNCryptor;
			sourceTree = "<group>";
		};
		DEC905991A239C6D003DD444 = {
			isa = PBXGroup;
			children = (
				DEA2D2B91A39C83D0038B65A /* Util */,
				0FA8DFB21A362C2E005B994C /* SettingsSingleton.h */,
				0FA8DFB31A362C2E005B994C /* SettingsSingleton.m */,
				DEC905A41A239C6D003DD444 /* Fruit Catch */,
				DEC905C31A239C6D003DD444 /* Fruit CatchTests */,
				DEC905A31A239C6D003DD444 /* Products */,
			);
			sourceTree = "<group>";
		};
		DEC905A31A239C6D003DD444 /* Products */ = {
			isa = PBXGroup;
			children = (
				DEC905A21A239C6D003DD444 /* Fruit Catch.app */,
				DEC905C01A239C6D003DD444 /* Fruit CatchTests.xctest */,
			);
			name = Products;
			sourceTree = "<group>";
		};
		DEC905A41A239C6D003DD444 /* Fruit Catch */ = {
			isa = PBXGroup;
			children = (
				0FF5BF5B1A3A13490090873A /* Segue */,
				DEA2D2B81A39C82E0038B65A /* Life */,
				436CBD071A2F732E00862EDE /* WorldMap */,
				43F4362C1A289FE000F1C358 /* MainMenu */,
				E3E3EC971A23ACFB00E7E18E /* Class */,
				0FD2EDB51A23BA3A000EB99F /* AppDelegate */,
				0FD2EDB61A23BA43000EB99F /* GameScene */,
				0FD2EDB71A23BA4D000EB99F /* GameViewController */,
				DEC905B41A239C6D003DD444 /* Main.storyboard */,
				DEC905B71A239C6D003DD444 /* Images.xcassets */,
				DEC905B91A239C6D003DD444 /* LaunchScreen.xib */,
				E33DD8CC1A3B13BF001C2897 /* coracao.png */,
				E3E3ECBB1A23B32000E7E18E /* Levels */,
				E3E3ECAE1A23B2FA00E7E18E /* Sounds */,
				E3E3ECAA1A23B1A900E7E18E /* Sprites.atlas */,
				E3E3ECAB1A23B1A900E7E18E /* Grid.atlas */,
				DEC905A51A239C6D003DD444 /* Supporting Files */,
			);
			path = "Fruit Catch";
			sourceTree = "<group>";
		};
		DEC905A51A239C6D003DD444 /* Supporting Files */ = {
			isa = PBXGroup;
			children = (
				DEC905A61A239C6D003DD444 /* Info.plist */,
				DEC905A71A239C6D003DD444 /* main.m */,
			);
			name = "Supporting Files";
			sourceTree = "<group>";
		};
		DEC905C31A239C6D003DD444 /* Fruit CatchTests */ = {
			isa = PBXGroup;
			children = (
				DEC905C61A239C6D003DD444 /* Fruit_CatchTests.m */,
				DEC905C41A239C6D003DD444 /* Supporting Files */,
			);
			path = "Fruit CatchTests";
			sourceTree = "<group>";
		};
		DEC905C41A239C6D003DD444 /* Supporting Files */ = {
			isa = PBXGroup;
			children = (
				DEC905C51A239C6D003DD444 /* Info.plist */,
			);
			name = "Supporting Files";
			sourceTree = "<group>";
		};
		E33DD8C91A3A20C9001C2897 /* imagens */ = {
			isa = PBXGroup;
			children = (
				E33DD8CA1A3A20E1001C2897 /* selva@2x.png */,
			);
			name = imagens;
			sourceTree = "<group>";
		};
		E3E3EC971A23ACFB00E7E18E /* Class */ = {
			isa = PBXGroup;
			children = (
				0FA8DFB91A362E67005B994C /* JIMCBombaMaisPowerUp */,
				0FA8DFB71A362E36005B994C /* JIMCPowerUp */,
				0FD2EDB81A23BA5A000EB99F /* MyScene */,
				0FD2EDB91A23BA62000EB99F /* JIMCFruit */,
				0FD2EDBA1A23BA6D000EB99F /* JIMCLevel */,
				0FD2EDBB1A23BA89000EB99F /* JIMCTile */,
				0FD2EDBC1A23BA90000EB99F /* JIMCSwap */,
				0FD2EDBD1A23BA97000EB99F /* JIMCChain */,
			);
			name = Class;
			sourceTree = "<group>";
		};
		E3E3ECAE1A23B2FA00E7E18E /* Sounds */ = {
			isa = PBXGroup;
			children = (
				E3E3ECAF1A23B31900E7E18E /* Chomp.wav */,
				E3E3ECB01A23B31900E7E18E /* Drip.wav */,
				E3E3ECB11A23B31900E7E18E /* Error.wav */,
				E3E3ECB21A23B31900E7E18E /* Ka-Ching.wav */,
				E3E3ECB31A23B31900E7E18E /* Mining by Moonlight.mp3 */,
				E3E3ECB41A23B31900E7E18E /* Scrape.wav */,
			);
			name = Sounds;
			sourceTree = "<group>";
		};
		E3E3ECBB1A23B32000E7E18E /* Levels */ = {
			isa = PBXGroup;
			children = (
				E3E3ECBC1A23B34500E7E18E /* Level_0.json */,
				DEF7B4B21A2FC7D400D7F7B3 /* questionMark.png */,
				E3E3ECBD1A23B34500E7E18E /* Level_1.json */,
				E3E3ECBE1A23B34500E7E18E /* Level_2.json */,
				E3E3ECBF1A23B34500E7E18E /* Level_3.json */,
				E3E3ECC01A23B34500E7E18E /* Level_4.json */,
			);
			name = Levels;
			sourceTree = "<group>";
		};
/* End PBXGroup section */

/* Begin PBXNativeTarget section */
		DEC905A11A239C6D003DD444 /* Fruit Catch */ = {
			isa = PBXNativeTarget;
			buildConfigurationList = DEC905CA1A239C6D003DD444 /* Build configuration list for PBXNativeTarget "Fruit Catch" */;
			buildPhases = (
				DEC9059E1A239C6D003DD444 /* Sources */,
				DEC9059F1A239C6D003DD444 /* Frameworks */,
				DEC905A01A239C6D003DD444 /* Resources */,
			);
			buildRules = (
			);
			dependencies = (
			);
			name = "Fruit Catch";
			productName = "Fruit Catch";
			productReference = DEC905A21A239C6D003DD444 /* Fruit Catch.app */;
			productType = "com.apple.product-type.application";
		};
		DEC905BF1A239C6D003DD444 /* Fruit CatchTests */ = {
			isa = PBXNativeTarget;
			buildConfigurationList = DEC905CD1A239C6D003DD444 /* Build configuration list for PBXNativeTarget "Fruit CatchTests" */;
			buildPhases = (
				DEC905BC1A239C6D003DD444 /* Sources */,
				DEC905BD1A239C6D003DD444 /* Frameworks */,
				DEC905BE1A239C6D003DD444 /* Resources */,
			);
			buildRules = (
			);
			dependencies = (
				DEC905C21A239C6D003DD444 /* PBXTargetDependency */,
			);
			name = "Fruit CatchTests";
			productName = "Fruit CatchTests";
			productReference = DEC905C01A239C6D003DD444 /* Fruit CatchTests.xctest */;
			productType = "com.apple.product-type.bundle.unit-test";
		};
/* End PBXNativeTarget section */

/* Begin PBXProject section */
		DEC9059A1A239C6D003DD444 /* Project object */ = {
			isa = PBXProject;
			attributes = {
				LastUpgradeCheck = 0610;
				ORGANIZATIONNAME = "Caio de Souza";
				TargetAttributes = {
					DEC905A11A239C6D003DD444 = {
						CreatedOnToolsVersion = 6.1;
					};
					DEC905BF1A239C6D003DD444 = {
						CreatedOnToolsVersion = 6.1;
						TestTargetID = DEC905A11A239C6D003DD444;
					};
				};
			};
			buildConfigurationList = DEC9059D1A239C6D003DD444 /* Build configuration list for PBXProject "Fruit Catch" */;
			compatibilityVersion = "Xcode 3.2";
			developmentRegion = English;
			hasScannedForEncodings = 0;
			knownRegions = (
				en,
				Base,
			);
			mainGroup = DEC905991A239C6D003DD444;
			productRefGroup = DEC905A31A239C6D003DD444 /* Products */;
			projectDirPath = "";
			projectRoot = "";
			targets = (
				DEC905A11A239C6D003DD444 /* Fruit Catch */,
				DEC905BF1A239C6D003DD444 /* Fruit CatchTests */,
			);
		};
/* End PBXProject section */

/* Begin PBXResourcesBuildPhase section */
		DEC905A01A239C6D003DD444 /* Resources */ = {
			isa = PBXResourcesBuildPhase;
			buildActionMask = 2147483647;
			files = (
				4361288B1A40612100A2B620 /* mapa@2x.png in Resources */,
				4361288A1A40612100A2B620 /* fase_aberta@2x.png in Resources */,
				E3E3ECC21A23B34500E7E18E /* Level_1.json in Resources */,
				E3E3ECC31A23B34500E7E18E /* Level_2.json in Resources */,
				DEC905BB1A239C6D003DD444 /* LaunchScreen.xib in Resources */,
				E3E3ECAD1A23B1A900E7E18E /* Grid.atlas in Resources */,
				DEC905B81A239C6D003DD444 /* Images.xcassets in Resources */,
				E3E3ECB91A23B31900E7E18E /* Mining by Moonlight.mp3 in Resources */,
				DEF7B4B31A2FC7D400D7F7B3 /* questionMark.png in Resources */,
				E33DD8D31A3B5E8A001C2897 /* fundo1@2x.png in Resources */,
				E30CD4D81A2CC817009BBC92 /* banana@2x.png in Resources */,
				E3E3ECB71A23B31900E7E18E /* Error.wav in Resources */,
				E3E3ECB61A23B31900E7E18E /* Drip.wav in Resources */,
				E3E3ECC11A23B34500E7E18E /* Level_0.json in Resources */,
				E3E3ECB81A23B31900E7E18E /* Ka-Ching.wav in Resources */,
				E3E3ECBA1A23B31900E7E18E /* Scrape.wav in Resources */,
				DEC905B61A239C6D003DD444 /* Main.storyboard in Resources */,
				E33DD8D51A3B5EBF001C2897 /* nome@2x.png in Resources */,
				E33DD8CF1A3B56EC001C2897 /* fundo@2X.png in Resources */,
				436CBD0C1A2F739400862EDE /* MapButtons.plist in Resources */,
				E33DD8D11A3B5C85001C2897 /* fundoprincipal@2x.png in Resources */,
				E33DD8CB1A3A20E1001C2897 /* selva@2x.png in Resources */,
				E3E3ECC51A23B34500E7E18E /* Level_4.json in Resources */,
				E3E3ECAC1A23B1A900E7E18E /* Sprites.atlas in Resources */,
				E3E3ECC41A23B34500E7E18E /* Level_3.json in Resources */,
				E33DD8CD1A3B13BF001C2897 /* coracao.png in Resources */,
				E3E3ECB51A23B31900E7E18E /* Chomp.wav in Resources */,
			);
			runOnlyForDeploymentPostprocessing = 0;
		};
		DEC905BE1A239C6D003DD444 /* Resources */ = {
			isa = PBXResourcesBuildPhase;
			buildActionMask = 2147483647;
			files = (
			);
			runOnlyForDeploymentPostprocessing = 0;
		};
/* End PBXResourcesBuildPhase section */

/* Begin PBXSourcesBuildPhase section */
		DEC9059E1A239C6D003DD444 /* Sources */ = {
			isa = PBXSourcesBuildPhase;
			buildActionMask = 2147483647;
			files = (
				DEC905B31A239C6D003DD444 /* GameViewController.m in Sources */,
				DEA2D2B31A39BBEE0038B65A /* Life.m in Sources */,
				DEA2D2B71A39BBEE0038B65A /* RNEncryptor.m in Sources */,
				0FA8DFB51A362C2E005B994C /* JIMCPowerUp.m in Sources */,
				DEA2D2B51A39BBEE0038B65A /* RNCryptorEngine.m in Sources */,
				E3E3EC9D1A23ADA200E7E18E /* JIMCLevel.m in Sources */,
				E3E3EC9A1A23AD6400E7E18E /* JIMCFruit.m in Sources */,
				E3E3ECA61A23AE8700E7E18E /* JIMCChain.m in Sources */,
				0FA8DFB61A362C2E005B994C /* SettingsSingleton.m in Sources */,
				E3E3EC961A23ACF400E7E18E /* MyScene.m in Sources */,
				DEC905AB1A239C6D003DD444 /* AppDelegate.m in Sources */,
				43F4362F1A28A00300F1C358 /* MainMenuViewController.m in Sources */,
				DEA2D2B41A39BBEE0038B65A /* RNCryptor.m in Sources */,
				DEA2D2B61A39BBEE0038B65A /* RNDecryptor.m in Sources */,
				436CBD0A1A2F737500862EDE /* WorldMap.m in Sources */,
				DEC905A81A239C6D003DD444 /* main.m in Sources */,
				E3E3ECA01A23ADDA00E7E18E /* JIMCTile.m in Sources */,
				0FF5BF5E1A3A13670090873A /* CustomSegueWorldMap.m in Sources */,
				0FA8DFB41A362C2E005B994C /* JIMCBombaMaisPowerUp.m in Sources */,
				DEF7B4BD1A30800B00D7F7B3 /* JIMCSwapFruitSingleton.m in Sources */,
				E3E3ECA31A23AE0600E7E18E /* JIMCSwap.m in Sources */,
				0F78081A1A3F501B00883622 /* CustomSegueSinglePlayer.m in Sources */,
			);
			runOnlyForDeploymentPostprocessing = 0;
		};
		DEC905BC1A239C6D003DD444 /* Sources */ = {
			isa = PBXSourcesBuildPhase;
			buildActionMask = 2147483647;
			files = (
				DEC905C71A239C6D003DD444 /* Fruit_CatchTests.m in Sources */,
			);
			runOnlyForDeploymentPostprocessing = 0;
		};
/* End PBXSourcesBuildPhase section */

/* Begin PBXTargetDependency section */
		DEC905C21A239C6D003DD444 /* PBXTargetDependency */ = {
			isa = PBXTargetDependency;
			target = DEC905A11A239C6D003DD444 /* Fruit Catch */;
			targetProxy = DEC905C11A239C6D003DD444 /* PBXContainerItemProxy */;
		};
/* End PBXTargetDependency section */

/* Begin PBXVariantGroup section */
		DEC905B41A239C6D003DD444 /* Main.storyboard */ = {
			isa = PBXVariantGroup;
			children = (
				DEC905B51A239C6D003DD444 /* Base */,
			);
			name = Main.storyboard;
			sourceTree = "<group>";
		};
		DEC905B91A239C6D003DD444 /* LaunchScreen.xib */ = {
			isa = PBXVariantGroup;
			children = (
				DEC905BA1A239C6D003DD444 /* Base */,
			);
			name = LaunchScreen.xib;
			sourceTree = "<group>";
		};
/* End PBXVariantGroup section */

/* Begin XCBuildConfiguration section */
		DEC905C81A239C6D003DD444 /* Debug */ = {
			isa = XCBuildConfiguration;
			buildSettings = {
				ALWAYS_SEARCH_USER_PATHS = NO;
				CLANG_CXX_LANGUAGE_STANDARD = "gnu++0x";
				CLANG_CXX_LIBRARY = "libc++";
				CLANG_ENABLE_MODULES = YES;
				CLANG_ENABLE_OBJC_ARC = YES;
				CLANG_WARN_BOOL_CONVERSION = YES;
				CLANG_WARN_CONSTANT_CONVERSION = YES;
				CLANG_WARN_DIRECT_OBJC_ISA_USAGE = YES_ERROR;
				CLANG_WARN_EMPTY_BODY = YES;
				CLANG_WARN_ENUM_CONVERSION = YES;
				CLANG_WARN_INT_CONVERSION = YES;
				CLANG_WARN_OBJC_ROOT_CLASS = YES_ERROR;
				CLANG_WARN_UNREACHABLE_CODE = YES;
				CLANG_WARN__DUPLICATE_METHOD_MATCH = YES;
				"CODE_SIGN_IDENTITY[sdk=iphoneos*]" = "iPhone Developer";
				COPY_PHASE_STRIP = NO;
				ENABLE_STRICT_OBJC_MSGSEND = YES;
				GCC_C_LANGUAGE_STANDARD = gnu99;
				GCC_DYNAMIC_NO_PIC = NO;
				GCC_OPTIMIZATION_LEVEL = 0;
				GCC_PREPROCESSOR_DEFINITIONS = (
					"DEBUG=1",
					"$(inherited)",
				);
				GCC_SYMBOLS_PRIVATE_EXTERN = NO;
				GCC_WARN_64_TO_32_BIT_CONVERSION = YES;
				GCC_WARN_ABOUT_RETURN_TYPE = YES_ERROR;
				GCC_WARN_UNDECLARED_SELECTOR = YES;
				GCC_WARN_UNINITIALIZED_AUTOS = YES_AGGRESSIVE;
				GCC_WARN_UNUSED_FUNCTION = YES;
				GCC_WARN_UNUSED_VARIABLE = YES;
				IPHONEOS_DEPLOYMENT_TARGET = 8.1;
				MTL_ENABLE_DEBUG_INFO = YES;
				ONLY_ACTIVE_ARCH = YES;
				SDKROOT = iphoneos;
				TARGETED_DEVICE_FAMILY = "1,2";
			};
			name = Debug;
		};
		DEC905C91A239C6D003DD444 /* Release */ = {
			isa = XCBuildConfiguration;
			buildSettings = {
				ALWAYS_SEARCH_USER_PATHS = NO;
				CLANG_CXX_LANGUAGE_STANDARD = "gnu++0x";
				CLANG_CXX_LIBRARY = "libc++";
				CLANG_ENABLE_MODULES = YES;
				CLANG_ENABLE_OBJC_ARC = YES;
				CLANG_WARN_BOOL_CONVERSION = YES;
				CLANG_WARN_CONSTANT_CONVERSION = YES;
				CLANG_WARN_DIRECT_OBJC_ISA_USAGE = YES_ERROR;
				CLANG_WARN_EMPTY_BODY = YES;
				CLANG_WARN_ENUM_CONVERSION = YES;
				CLANG_WARN_INT_CONVERSION = YES;
				CLANG_WARN_OBJC_ROOT_CLASS = YES_ERROR;
				CLANG_WARN_UNREACHABLE_CODE = YES;
				CLANG_WARN__DUPLICATE_METHOD_MATCH = YES;
				"CODE_SIGN_IDENTITY[sdk=iphoneos*]" = "iPhone Developer";
				COPY_PHASE_STRIP = YES;
				ENABLE_NS_ASSERTIONS = NO;
				ENABLE_STRICT_OBJC_MSGSEND = YES;
				GCC_C_LANGUAGE_STANDARD = gnu99;
				GCC_WARN_64_TO_32_BIT_CONVERSION = YES;
				GCC_WARN_ABOUT_RETURN_TYPE = YES_ERROR;
				GCC_WARN_UNDECLARED_SELECTOR = YES;
				GCC_WARN_UNINITIALIZED_AUTOS = YES_AGGRESSIVE;
				GCC_WARN_UNUSED_FUNCTION = YES;
				GCC_WARN_UNUSED_VARIABLE = YES;
				IPHONEOS_DEPLOYMENT_TARGET = 8.1;
				MTL_ENABLE_DEBUG_INFO = NO;
				SDKROOT = iphoneos;
				TARGETED_DEVICE_FAMILY = "1,2";
				VALIDATE_PRODUCT = YES;
			};
			name = Release;
		};
		DEC905CB1A239C6D003DD444 /* Debug */ = {
			isa = XCBuildConfiguration;
			buildSettings = {
				ASSETCATALOG_COMPILER_APPICON_NAME = AppIcon;
				INFOPLIST_FILE = "Fruit Catch/Info.plist";
				IPHONEOS_DEPLOYMENT_TARGET = 8.1;
				LD_RUNPATH_SEARCH_PATHS = "$(inherited) @executable_path/Frameworks";
				PRODUCT_NAME = "$(TARGET_NAME)";
				TARGETED_DEVICE_FAMILY = 1;
			};
			name = Debug;
		};
		DEC905CC1A239C6D003DD444 /* Release */ = {
			isa = XCBuildConfiguration;
			buildSettings = {
				ASSETCATALOG_COMPILER_APPICON_NAME = AppIcon;
				INFOPLIST_FILE = "Fruit Catch/Info.plist";
				IPHONEOS_DEPLOYMENT_TARGET = 8.1;
				LD_RUNPATH_SEARCH_PATHS = "$(inherited) @executable_path/Frameworks";
				PRODUCT_NAME = "$(TARGET_NAME)";
				TARGETED_DEVICE_FAMILY = 1;
			};
			name = Release;
		};
		DEC905CE1A239C6D003DD444 /* Debug */ = {
			isa = XCBuildConfiguration;
			buildSettings = {
				BUNDLE_LOADER = "$(TEST_HOST)";
				FRAMEWORK_SEARCH_PATHS = (
					"$(SDKROOT)/Developer/Library/Frameworks",
					"$(inherited)",
				);
				GCC_PREPROCESSOR_DEFINITIONS = (
					"DEBUG=1",
					"$(inherited)",
				);
				INFOPLIST_FILE = "Fruit CatchTests/Info.plist";
				LD_RUNPATH_SEARCH_PATHS = "$(inherited) @executable_path/Frameworks @loader_path/Frameworks";
				PRODUCT_NAME = "$(TARGET_NAME)";
				TEST_HOST = "$(BUILT_PRODUCTS_DIR)/Fruit Catch.app/Fruit Catch";
			};
			name = Debug;
		};
		DEC905CF1A239C6D003DD444 /* Release */ = {
			isa = XCBuildConfiguration;
			buildSettings = {
				BUNDLE_LOADER = "$(TEST_HOST)";
				FRAMEWORK_SEARCH_PATHS = (
					"$(SDKROOT)/Developer/Library/Frameworks",
					"$(inherited)",
				);
				INFOPLIST_FILE = "Fruit CatchTests/Info.plist";
				LD_RUNPATH_SEARCH_PATHS = "$(inherited) @executable_path/Frameworks @loader_path/Frameworks";
				PRODUCT_NAME = "$(TARGET_NAME)";
				TEST_HOST = "$(BUILT_PRODUCTS_DIR)/Fruit Catch.app/Fruit Catch";
			};
			name = Release;
		};
/* End XCBuildConfiguration section */

/* Begin XCConfigurationList section */
		DEC9059D1A239C6D003DD444 /* Build configuration list for PBXProject "Fruit Catch" */ = {
			isa = XCConfigurationList;
			buildConfigurations = (
				DEC905C81A239C6D003DD444 /* Debug */,
				DEC905C91A239C6D003DD444 /* Release */,
			);
			defaultConfigurationIsVisible = 0;
			defaultConfigurationName = Release;
		};
		DEC905CA1A239C6D003DD444 /* Build configuration list for PBXNativeTarget "Fruit Catch" */ = {
			isa = XCConfigurationList;
			buildConfigurations = (
				DEC905CB1A239C6D003DD444 /* Debug */,
				DEC905CC1A239C6D003DD444 /* Release */,
			);
			defaultConfigurationIsVisible = 0;
			defaultConfigurationName = Release;
		};
		DEC905CD1A239C6D003DD444 /* Build configuration list for PBXNativeTarget "Fruit CatchTests" */ = {
			isa = XCConfigurationList;
			buildConfigurations = (
				DEC905CE1A239C6D003DD444 /* Debug */,
				DEC905CF1A239C6D003DD444 /* Release */,
			);
			defaultConfigurationIsVisible = 0;
			defaultConfigurationName = Release;
		};
/* End XCConfigurationList section */
	};
	rootObject = DEC9059A1A239C6D003DD444 /* Project object */;
}
